{
  "name": "@jfsonjs/utils",
  "version": "3.0.2",
  "lockfileVersion": 2,
  "requires": true,
  "packages": {
    "": {
      "name": "@jfsonjs/utils",
      "version": "3.0.2",
      "license": "MIT",
      "dependencies": {
        "@jfsonjs/shared": "3.0.2",
        "@jfsonjs/types": "3.0.3",
        "web-vitals": "^3.3.0"
      }
    },
    "node_modules/@jfsonjs/shared": {
      "version": "3.0.2",
      "resolved": "https://registry.npmjs.org/@jfsonjs/shared/-/shared-3.0.2.tgz",
      "integrity": "sha512-Tcw89AgLBr6lM2KRgCijRlzm/L0Ayedx8iNID3bPhFV6pqFrSYkXJ7CGgMiCc1qfLM+CgT1LpRRq+35R0vtLcA=="
    },
    "node_modules/@jfsonjs/types": {
      "version": "3.0.3",
      "resolved": "https://registry.npmjs.org/@jfsonjs/types/-/types-3.0.3.tgz",
      "integrity": "sha512-F8055zZ+Ou4eDRkA2cynac2ZJJqGcOmtAG7eZv9aA5iyl50PfKc48tDM449hf3FA5gM6aAj2XKhJO34sq3Vvpg==",
      "dependencies": {
        "@jfsonjs/shared": "3.0.2",
        "@mitojs/core": "3.0.1",
        "@mitojs/utils": "3.0.1",
        "@types/wechat-miniprogram": "^3.1.0"
      }
    },
    "node_modules/@mitojs/core": {
      "version": "3.0.1",
      "resolved": "https://registry.npmjs.org/@mitojs/core/-/core-3.0.1.tgz",
      "integrity": "sha512-eUJYaQ4+Z7lbnUZ+wbwoHTu5LASPoUp8g0Slv0djfJEQ/nWWDZ0ftwVtWt+7019Y2zBXkyybdsPqUZAdBEmKEA==",
      "dependencies": {
        "@mitojs/shared": "3.0.1",
        "@mitojs/types": "3.0.1",
        "@mitojs/utils": "3.0.1"
      }
    },
    "node_modules/@mitojs/shared": {
      "version": "3.0.1",
      "resolved": "https://registry.npmjs.org/@mitojs/shared/-/shared-3.0.1.tgz",
      "integrity": "sha512-WPZ0QPTnNroiRDoFfPf4tfJpqkl4LMf/Nv1Q10+NNfCJd82nraIT+uPEvU4B6L6WRdpoQUoLZ9ImwSC1h+/yKw=="
    },
    "node_modules/@mitojs/types": {
      "version": "3.0.1",
      "resolved": "https://registry.npmjs.org/@mitojs/types/-/types-3.0.1.tgz",
      "integrity": "sha512-2qvMdmSqnkuQI3NohaF60nYPWzh+A4lzNMC65O+Jftoo3q8Kk0NC7mBSQUQp2wyLlcL1kUgObo614Chs/2Zg6g==",
      "dependencies": {
        "@mitojs/core": "3.0.1",
        "@mitojs/shared": "3.0.1",
        "@mitojs/utils": "3.0.1",
        "@types/wechat-miniprogram": "^3.1.0"
      }
    },
    "node_modules/@mitojs/utils": {
      "version": "3.0.1",
      "resolved": "https://registry.npmjs.org/@mitojs/utils/-/utils-3.0.1.tgz",
      "integrity": "sha512-HpIJnhuv+AwMegK6LO/F9NtNiLMARqFw04e4bO1Jryqb9IOCFxKg5ZzQ3tEP9kj7ax797XL46zZjRbkbV3hKcQ==",
      "dependencies": {
        "@mitojs/shared": "3.0.1",
        "@mitojs/types": "3.0.1"
      }
    },
    "node_modules/@types/wechat-miniprogram": {
      "version": "3.4.1",
      "resolved": "https://registry.npmjs.org/@types/wechat-miniprogram/-/wechat-miniprogram-3.4.1.tgz",
      "integrity": "sha512-szbuYR32VotxNQNQ4YyQ6Ob3ya0tLY0zpf/xvi6DF8Oqb+0Y+5CL5BpxS+4wBSJvlu3VfSXhjxZ0ze1a3l16Pw=="
    },
    "node_modules/web-vitals": {
      "version": "3.3.0",
      "resolved": "https://registry.npmjs.org/web-vitals/-/web-vitals-3.3.0.tgz",
      "integrity": "sha512-GZsEmJBNclIpViS/7QVOTr7Kbt4BgLeR7kQ5zCCtJVuiWsA+K6xTXaoEXssvl8yYFICEyNmA2Nr+vgBYTnS4bA=="
    }
  },
  "dependencies": {
    "@jfsonjs/shared": {
      "version": "3.0.2",
      "resolved": "https://registry.npmjs.org/@jfsonjs/shared/-/shared-3.0.2.tgz",
      "integrity": "sha512-Tcw89AgLBr6lM2KRgCijRlzm/L0Ayedx8iNID3bPhFV6pqFrSYkXJ7CGgMiCc1qfLM+CgT1LpRRq+35R0vtLcA=="
    },
    "@jfsonjs/types": {
      "version": "3.0.3",
      "resolved": "https://registry.npmjs.org/@jfsonjs/types/-/types-3.0.3.tgz",
      "integrity": "sha512-F8055zZ+Ou4eDRkA2cynac2ZJJqGcOmtAG7eZv9aA5iyl50PfKc48tDM449hf3FA5gM6aAj2XKhJO34sq3Vvpg==",
      "requires": {
        "@jfsonjs/shared": "3.0.2",
        "@mitojs/core": "3.0.1",
        "@mitojs/utils": "3.0.1",
        "@types/wechat-miniprogram": "^3.1.0"
      }
    },
    "@mitojs/core": {
      "version": "3.0.1",
      "resolved": "https://registry.npmjs.org/@mitojs/core/-/core-3.0.1.tgz",
      "integrity": "sha512-eUJYaQ4+Z7lbnUZ+wbwoHTu5LASPoUp8g0Slv0djfJEQ/nWWDZ0ftwVtWt+7019Y2zBXkyybdsPqUZAdBEmKEA==",
      "requires": {
        "@mitojs/shared": "3.0.1",
        "@mitojs/types": "3.0.1",
        "@mitojs/utils": "3.0.1"
      }
    },
    "@mitojs/shared": {
      "version": "3.0.1",
      "resolved": "https://registry.npmjs.org/@mitojs/shared/-/shared-3.0.1.tgz",
      "integrity": "sha512-WPZ0QPTnNroiRDoFfPf4tfJpqkl4LMf/Nv1Q10+NNfCJd82nraIT+uPEvU4B6L6WRdpoQUoLZ9ImwSC1h+/yKw=="
    },
    "@mitojs/types": {
      "version": "3.0.1",
      "resolved": "https://registry.npmjs.org/@mitojs/types/-/types-3.0.1.tgz",
      "integrity": "sha512-2qvMdmSqnkuQI3NohaF60nYPWzh+A4lzNMC65O+Jftoo3q8Kk0NC7mBSQUQp2wyLlcL1kUgObo614Chs/2Zg6g==",
      "requires": {
        "@mitojs/core": "3.0.1",
        "@mitojs/shared": "3.0.1",
        "@mitojs/utils": "3.0.1",
        "@types/wechat-miniprogram": "^3.1.0"
      }
    },
    "@mitojs/utils": {
      "version": "3.0.1",
      "resolved": "https://registry.npmjs.org/@mitojs/utils/-/utils-3.0.1.tgz",
      "integrity": "sha512-HpIJnhuv+AwMegK6LO/F9NtNiLMARqFw04e4bO1Jryqb9IOCFxKg5ZzQ3tEP9kj7ax797XL46zZjRbkbV3hKcQ==",
      "requires": {
        "@mitojs/shared": "3.0.1",
        "@mitojs/types": "3.0.1"
      }
    },
    "@types/wechat-miniprogram": {
      "version": "3.4.1",
      "resolved": "https://registry.npmjs.org/@types/wechat-miniprogram/-/wechat-miniprogram-3.4.1.tgz",
      "integrity": "sha512-szbuYR32VotxNQNQ4YyQ6Ob3ya0tLY0zpf/xvi6DF8Oqb+0Y+5CL5BpxS+4wBSJvlu3VfSXhjxZ0ze1a3l16Pw=="
    },
    "web-vitals": {
      "version": "3.3.0",
      "resolved": "https://registry.npmjs.org/web-vitals/-/web-vitals-3.3.0.tgz",
      "integrity": "sha512-GZsEmJBNclIpViS/7QVOTr7Kbt4BgLeR7kQ5zCCtJVuiWsA+K6xTXaoEXssvl8yYFICEyNmA2Nr+vgBYTnS4bA=="
    }
  }
}
